
Microsoft Visual Studio Solution File, Format Version 12.00
# Visual Studio Version 16
VisualStudioVersion = 16.0.30804.86
MinimumVisualStudioVersion = 10.0.40219.1
Project("{FAE04EC0-301F-11D3-BF4B-00C04F79EFBC}") = "DevStandardControl", "DevStandardControl\DevStandardControl.csproj", "{552996C5-9DEC-4F94-A64A-D7E7477C0153}"
EndProject
Global
	GlobalSection(SolutionConfigurationPlatforms) = preSolution
		Debug|Any CPU = Debug|Any CPU
		Release|Any CPU = Release|Any CPU
	EndGlobalSection
	GlobalSection(ProjectConfigurationPlatforms) = postSolution
		{552996C5-9DEC-4F94-A64A-D7E7477C0153}.Debug|Any CPU.ActiveCfg = Debug|Any CPU
		{552996C5-9DEC-4F94-A64A-D7E7477C0153}.Debug|Any CPU.Build.0 = Debug|Any CPU
		{552996C5-9DEC-4F94-A64A-D7E7477C0153}.Release|Any CPU.ActiveCfg = Release|Any CPU
		{552996C5-9DEC-4F94-A64A-D7E7477C0153}.Release|Any CPU.Build.0 = Release|Any CPU
	EndGlobalSection
	GlobalSection(SolutionProperties) = preSolution
		HideSolutionNode = FALSE
	EndGlobalSection
	GlobalSection(ExtensibilityGlobals) = postSolution
		SolutionGuid = {54660E31-9408-4F05-93B6-F45C79CFA259}
	EndGlobalSection
EndGlobal
